
Microsoft Visual Studio Solution File, Format Version 12.00
# Visual Studio Version 17
VisualStudioVersion = 17.6.33829.357
MinimumVisualStudioVersion = 10.0.40219.1
Project("{9A19103F-16F7-4668-BE54-9A1E7A4F7556}") = "API", "API\API.csproj", "{7E6F5C0B-7FFB-4B44-BC12-E39542AEF27C}"
EndProject
Project("{9A19103F-16F7-4668-BE54-9A1E7A4F7556}") = "Application", "Application\Application.csproj", "{28764A09-9372-4176-AA89-7D0A0049874A}"
EndProject
Project("{9A19103F-16F7-4668-BE54-9A1E7A4F7556}") = "Domain", "Domain\Domain.csproj", "{D44FAF9C-B61D-4BF2-A4A3-23D0BDD69FEC}"
EndProject
Project("{9A19103F-16F7-4668-BE54-9A1E7A4F7556}") = "Persistance", "Persistance\Persistance.csproj", "{4643630B-E40A-4A9B-AE6C-0F5286B97DF9}"
EndProject
Project("{2150E333-8FDC-42A3-9474-1A3956D46DE8}") = "Solution Items", "Solution Items", "{C06DFA08-29B4-42BD-B8ED-732130158971}"
	ProjectSection(SolutionItems) = preProject
		ImportantInfo.txt = ImportantInfo.txt
	EndProjectSection
EndProject
Global
	GlobalSection(SolutionConfigurationPlatforms) = preSolution
		Debug|Any CPU = Debug|Any CPU
		Release|Any CPU = Release|Any CPU
	EndGlobalSection
	GlobalSection(ProjectConfigurationPlatforms) = postSolution
		{7E6F5C0B-7FFB-4B44-BC12-E39542AEF27C}.Debug|Any CPU.ActiveCfg = Debug|Any CPU
		{7E6F5C0B-7FFB-4B44-BC12-E39542AEF27C}.Debug|Any CPU.Build.0 = Debug|Any CPU
		{7E6F5C0B-7FFB-4B44-BC12-E39542AEF27C}.Release|Any CPU.ActiveCfg = Release|Any CPU
		{7E6F5C0B-7FFB-4B44-BC12-E39542AEF27C}.Release|Any CPU.Build.0 = Release|Any CPU
		{28764A09-9372-4176-AA89-7D0A0049874A}.Debug|Any CPU.ActiveCfg = Debug|Any CPU
		{28764A09-9372-4176-AA89-7D0A0049874A}.Debug|Any CPU.Build.0 = Debug|Any CPU
		{28764A09-9372-4176-AA89-7D0A0049874A}.Release|Any CPU.ActiveCfg = Release|Any CPU
		{28764A09-9372-4176-AA89-7D0A0049874A}.Release|Any CPU.Build.0 = Release|Any CPU
		{D44FAF9C-B61D-4BF2-A4A3-23D0BDD69FEC}.Debug|Any CPU.ActiveCfg = Debug|Any CPU
		{D44FAF9C-B61D-4BF2-A4A3-23D0BDD69FEC}.Debug|Any CPU.Build.0 = Debug|Any CPU
		{D44FAF9C-B61D-4BF2-A4A3-23D0BDD69FEC}.Release|Any CPU.ActiveCfg = Release|Any CPU
		{D44FAF9C-B61D-4BF2-A4A3-23D0BDD69FEC}.Release|Any CPU.Build.0 = Release|Any CPU
		{4643630B-E40A-4A9B-AE6C-0F5286B97DF9}.Debug|Any CPU.ActiveCfg = Debug|Any CPU
		{4643630B-E40A-4A9B-AE6C-0F5286B97DF9}.Debug|Any CPU.Build.0 = Debug|Any CPU
		{4643630B-E40A-4A9B-AE6C-0F5286B97DF9}.Release|Any CPU.ActiveCfg = Release|Any CPU
		{4643630B-E40A-4A9B-AE6C-0F5286B97DF9}.Release|Any CPU.Build.0 = Release|Any CPU
	EndGlobalSection
	GlobalSection(SolutionProperties) = preSolution
		HideSolutionNode = FALSE
	EndGlobalSection
	GlobalSection(ExtensibilityGlobals) = postSolution
		SolutionGuid = {CD3CB3FD-2E88-4C3A-BB83-0A0061283527}
	EndGlobalSection
EndGlobal
